github.com/coreos/go-systemd/v22 v22.5.0/go.mod h1:Y58oyj3AT4RCenI/lSvhwexgC+NSVTIJ3seZv2GcEnc=
github.com/godbus/dbus/v5 v5.0.4/go.mod h1:xhWf0FNVPg57R7Z0UbKHbJfkEywrmjJnf7w5xrFpKfA=
github.com/kahara/go-canner v0.0.0-20240818082910-8459975aa018 h1:IXAFIGaUqrhqaVMH7iiBjcheLZ3eFNWu73Q2eN4z+L8=
github.com/kahara/go-canner v0.0.0-20240818082910-8459975aa018/go.mod h1:4U+aQ+a1r0ge1Eul50Nsxzo/kVNNaeBwK6YPafet0no=
github.com/mattn/go-colorable v0.1.13 h1:fFA4WZxdEF4tXPZVKMLwD8oUnCTTo08duU7wxecdEvA=
github.com/mattn/go-colorable v0.1.13/go.mod h1:7S9/ev0klgBDR4GtXTXX8a3vIGJpMovkB8vQcUbaXHg=
github.com/mattn/go-isatty v0.0.16/go.mod h1:kYGgaQfpe5nmfYZH+SKPsOc2e4SrIfOl2e/yFXSvRLM=
github.com/mattn/go-isatty v0.0.19 h1:JITubQf0MOLdlGRuRq+jtsDlekdYPia9ZFsB8h/APPA=
github.com/mattn/go-isatty v0.0.19/go.mod h1:W+V8PltTTMOvKvAeJH7IuucS94S2C6jfK/D7dTCTo3Y=
github.com/pd0mz/go-aprs v0.0.0-20190904192146-34d6aa54791a h1:dPykYUKAT4CpEtIhKUE0DEHMfwYy9u0ryXiDBNk9bH0=
github.com/pd0mz/go-aprs v0.0.0-20190904192146-34d6aa54791a/go.mod h1:voYOhjRLxTO3cTVi17fDd0qc+hPNWf+TOk+MojCVt9E=
github.com/pd0mz/go-maidenhead v1.0.0 h1:zl2AXA36LnmP5TDEfshM0fWi1mc08fNc6qhj7YD5xjw=
github.com/pd0mz/go-maidenhead v1.0.0/go.mod h1:4Q+QSDCqWqlabstLGUVm47rAcL06nEEty2d3KzsTNMk=
github.com/pkg/errors v0.9.1/go.mod h1:bwawxfHBFNV+L2hUp1rHADufV3IMtnDRdf1r5NINEl0=
github.com/rs/xid v1.5.0/go.mod h1:trrq9SKmegXys3aeAKXMUTdJsYXVwGY3RLcfgqegfbg=
github.com/rs/zerolog v1.33.0 h1:1cU2KZkvPxNyfgEmhHAz/1A9Bz+llsdYzklWFzgp0r8=
github.com/rs/zerolog v1.33.0/go.mod h1:/7mN4D5sKwJLZQ2b/znpjC3/GQWY/xaDXUM0kKWRHss=
golang.org/x/sys v0.0.0-20220811171246-fbc7d0a398ab/go.mod h1:oPkhp1MJrh7nUepCBck5+mAzfO9JrbApNNgaTdGDITg=
golang.org/x/sys v0.6.0/go.mod h1:oPkhp1MJrh7nUepCBck5+mAzfO9JrbApNNgaTdGDITg=
golang.org/x/sys v0.12.0 h1:CM0HF96J0hcLAwsHPJZjfdNzs0gftsLfgKt57wWHJ0o=
golang.org/x/sys v0.12.0/go.mod h1:oPkhp1MJrh7nUepCBck5+mAzfO9JrbApNNgaTdGDITg=
